
Microsoft Visual Studio Solution File, Format Version 12.00
# Visual Studio Version 17
VisualStudioVersion = 17.7.34031.279
MinimumVisualStudioVersion = 10.0.40219.1
Project("{FAE04EC0-301F-11D3-BF4B-00C04F79EFBC}") = "Замена условной логики полиморфизмом", "Замена условной логики полиморфизмом\Замена условной логики полиморфизмом.csproj", "{5F5B7D31-883F-4878-BD06-397CF3F4D297}"
EndProject
Global
	GlobalSection(SolutionConfigurationPlatforms) = preSolution
		Debug|Any CPU = Debug|Any CPU
		Release|Any CPU = Release|Any CPU
	EndGlobalSection
	GlobalSection(ProjectConfigurationPlatforms) = postSolution
		{5F5B7D31-883F-4878-BD06-397CF3F4D297}.Debug|Any CPU.ActiveCfg = Debug|Any CPU
		{5F5B7D31-883F-4878-BD06-397CF3F4D297}.Debug|Any CPU.Build.0 = Debug|Any CPU
		{5F5B7D31-883F-4878-BD06-397CF3F4D297}.Release|Any CPU.ActiveCfg = Release|Any CPU
		{5F5B7D31-883F-4878-BD06-397CF3F4D297}.Release|Any CPU.Build.0 = Release|Any CPU
	EndGlobalSection
	GlobalSection(SolutionProperties) = preSolution
		HideSolutionNode = FALSE
	EndGlobalSection
	GlobalSection(ExtensibilityGlobals) = postSolution
		SolutionGuid = {58A47CD1-22AD-42BE-B12E-123BF92D1841}
	EndGlobalSection
EndGlobal
